
Microsoft Visual Studio Solution File, Format Version 12.00
# Visual Studio Version 17
VisualStudioVersion = 17.11.35327.3
MinimumVisualStudioVersion = 10.0.40219.1
Project("{FAE04EC0-301F-11D3-BF4B-00C04F79EFBC}") = "ServerMM", "ServerMM\ServerMM.csproj", "{1CE9227E-31B7-4AE1-AE37-B1BA3C954CBE}"
EndProject
Global
	GlobalSection(SolutionConfigurationPlatforms) = preSolution
		Debug|Any CPU = Debug|Any CPU
		Release|Any CPU = Release|Any CPU
	EndGlobalSection
	GlobalSection(ProjectConfigurationPlatforms) = postSolution
		{1CE9227E-31B7-4AE1-AE37-B1BA3C954CBE}.Debug|Any CPU.ActiveCfg = Debug|Any CPU
		{1CE9227E-31B7-4AE1-AE37-B1BA3C954CBE}.Debug|Any CPU.Build.0 = Debug|Any CPU
		{1CE9227E-31B7-4AE1-AE37-B1BA3C954CBE}.Release|Any CPU.ActiveCfg = Release|Any CPU
		{1CE9227E-31B7-4AE1-AE37-B1BA3C954CBE}.Release|Any CPU.Build.0 = Release|Any CPU
	EndGlobalSection
	GlobalSection(SolutionProperties) = preSolution
		HideSolutionNode = FALSE
	EndGlobalSection
	GlobalSection(ExtensibilityGlobals) = postSolution
		SolutionGuid = {422070F9-19D2-4DD0-B392-0C744A229F25}
	EndGlobalSection
EndGlobal
